# THIS IS AN AUTOGENERATED FILE. DO NOT EDIT THIS FILE DIRECTLY.
# yarn lockfile v1


stats.js@^0.17.0:
  version "0.17.0"
  resolved "https://registry.yarnpkg.com/stats.js/-/stats.js-0.17.0.tgz#b1c3dc46d94498b578b7fd3985b81ace7131cc7d"
  integrity sha1-scPcRtlEmLV4t/05hbgaznExzH0=

three@0.54.0:
  version "0.54.0"
  resolved "https://registry.yarnpkg.com/three/-/three-0.54.0.tgz#21e82dc58b28f88af5f29a2e583da60a11d27421"
  integrity sha1-IegtxYso+Ir18pouWD2mChHSdCE=
